{
    "_meta": {
        "hash": {
            "sha256": "8cb9d177b9ad321b9af176272f794246d3f2789aeb6dbb3862661dd3df033ffe"
        },
        "host-environment-markers": {
            "implementation_name": "cpython",
            "implementation_version": "3.5.2",
            "os_name": "posix",
            "platform_machine": "x86_64",
            "platform_python_implementation": "CPython",
            "platform_release": "4.4.0-138-generic",
            "platform_system": "Linux",
            "platform_version": "#164-Ubuntu SMP Tue Oct 2 17:16:02 UTC 2018",
            "python_full_version": "3.5.2",
            "python_version": "3.5",
            "sys_platform": "linux"
        },
        "pipfile-spec": 6,
        "requires": {},
        "sources": [
            {
                "name": "pypi",
                "python_version": ">=3.6.0",
                "url": "https://pypi.python.org/simple",
                "verify_ssl": true
            }
        ]
    },
    "default": {
        "asn1crypto": {
            "hashes": [
                "sha256:2f1adbb7546ed199e3c90ef23ec95c5cf3585bac7d11fb7eb562a3fe89c64e87",
                "sha256:9d5c20441baf0cb60a4ac34cc447c6c189024b6b4c6cd7877034f4965c464e49"
            ],
            "version": "==0.24.0"
        },
        "attrs": {
            "hashes": [
                "sha256:ca4be454458f9dec299268d472aaa5a11f67a4ff70093396e1ceae9c76cf4bbb",
                "sha256:10cbf6e27dbce8c30807caf056c8eb50917e0eaafe86347671b57254006c3e69"
            ],
            "version": "==18.2.0"
        },
        "automat": {
            "hashes": [
                "sha256:fdccab66b68498af9ecfa1fa43693abe546014dd25cf28543cbe9d1334916a58",
                "sha256:cbd78b83fa2d81fe2a4d23d258e1661dd7493c9a50ee2f1a5b2cac61c1793b0e"
            ],
            "version": "==0.7.0"
        },
        "boto3": {
            "hashes": [
                "sha256:60651ee5520cf1123e9e48a7e4a370f35b717f76868829dc2f6dcde05a501556",
                "sha256:12177ef1cef8c540c32c89db5688a20352163e05269b13a5e57ad1d37c367849"
            ],
            "version": "==1.5.21"
        },
        "botocore": {
            "hashes": [
                "sha256:898f10e68a7a1c2be621caf046d29a8f782c0ea866d644d5be46472c00a3dee9",
                "sha256:a80a23e080f4a93d11a1c067a69304dd407d18c358cba1e0df8c96f56c9e98b4"
            ],
            "version": "==1.8.50"
        },
        "certifi": {
            "hashes": [
                "sha256:993f830721089fef441cdfeb4b2c8c9df86f0c63239f06bd025a76a7daddb033",
                "sha256:47f9c83ef4c0c621eaef743f133f09fa8a74a9b75f037e8624f83bd1b6626cb7"
            ],
            "version": "==2018.11.29"
        },
        "cffi": {
            "hashes": [
                "sha256:1b0493c091a1898f1136e3f4f991a784437fac3673780ff9de3bcf46c80b6b50",
                "sha256:87f37fe5130574ff76c17cab61e7d2538a16f843bb7bca8ebbc4b12de3078596",
                "sha256:1553d1e99f035ace1c0544050622b7bc963374a00c467edafac50ad7bd276aef",
                "sha256:151b7eefd035c56b2b2e1eb9963c90c6302dc15fbd8c1c0a83a163ff2c7d7743",
                "sha256:edabd457cd23a02965166026fd9bfd196f4324fe6032e866d0f3bd0301cd486f",
                "sha256:ba5e697569f84b13640c9e193170e89c13c6244c24400fc57e88724ef610cd31",
                "sha256:79f9b6f7c46ae1f8ded75f68cf8ad50e5729ed4d590c74840471fc2823457d04",
                "sha256:b0f7d4a3df8f06cf49f9f121bead236e328074de6449866515cea4907bbc63d6",
                "sha256:4c91af6e967c2015729d3e69c2e51d92f9898c330d6a851bf8f121236f3defd3",
                "sha256:7a33145e04d44ce95bcd71e522b478d282ad0eafaf34fe1ec5bbd73e662f22b6",
                "sha256:95d5251e4b5ca00061f9d9f3d6fe537247e145a8524ae9fd30a2f8fbce993b5b",
                "sha256:b75110fb114fa366b29a027d0c9be3709579602ae111ff61674d28c93606acca",
                "sha256:ae5e35a2c189d397b91034642cb0eab0e346f776ec2eb44a49a459e6615d6e2e",
                "sha256:fdf1c1dc5bafc32bc5d08b054f94d659422b05aba244d6be4ddc1c72d9aa70fb",
                "sha256:9d1d3e63a4afdc29bd76ce6aa9d58c771cd1599fbba8cf5057e7860b203710dd",
                "sha256:be2a9b390f77fd7676d80bc3cdc4f8edb940d8c198ed2d8c0be1319018c778e1",
                "sha256:ed01918d545a38998bfa5902c7c00e0fee90e957ce036a4000a88e3fe2264917",
                "sha256:857959354ae3a6fa3da6651b966d13b0a8bed6bbc87a0de7b38a549db1d2a359",
                "sha256:2ba8a45822b7aee805ab49abfe7eec16b90587f7f26df20c71dd89e45a97076f",
                "sha256:a36c5c154f9d42ec176e6e620cb0dd275744aa1d804786a71ac37dc3661a5e95",
                "sha256:e55e22ac0a30023426564b1059b035973ec82186ddddbac867078435801c7801",
                "sha256:3eb6434197633b7748cea30bf0ba9f66727cdce45117a712b29a443943733257",
                "sha256:ecbb7b01409e9b782df5ded849c178a0aa7c906cf8c5a67368047daab282b184",
                "sha256:770f3782b31f50b68627e22f91cb182c48c47c02eb405fd689472aa7b7aa16dc",
                "sha256:d5d8555d9bfc3f02385c1c37e9f998e2011f0db4f90e250e5bc0c0a85a813085",
                "sha256:3c85641778460581c42924384f5e68076d724ceac0f267d66c757f7535069c93",
                "sha256:ca1bd81f40adc59011f58159e4aa6445fc585a32bb8ac9badf7a2c1aa23822f2",
                "sha256:3bb6bd7266598f318063e584378b8e27c67de998a43362e8fce664c54ee52d30",
                "sha256:a6a5cb8809091ec9ac03edde9304b3ad82ad4466333432b16d78ef40e0cce0d5",
                "sha256:57b2533356cb2d8fac1555815929f7f5f14d68ac77b085d2326b571310f34f6e",
                "sha256:495c5c2d43bf6cebe0178eb3e88f9c4aa48d8934aa6e3cddb865c058da76756b",
                "sha256:e90f17980e6ab0f3c2f3730e56d1fe9bcba1891eeea58966e89d352492cc74f4"
            ],
            "version": "==1.11.5"
        },
        "chardet": {
            "hashes": [
                "sha256:fc323ffcaeaed0e0a02bf4d117757b98aed530d9ed4531e3e15460124c106691",
                "sha256:84ab92ed1c4d4f16916e05906b6b75a6c0fb5db821cc65e70cbd64a3e2a5eaae"
            ],
            "version": "==3.0.4"
        },
        "click": {
            "hashes": [
                "sha256:2335065e6395b9e67ca716de5f7526736bfa6ceead690adf616d925bdc622b13",
                "sha256:5b94b49521f6456670fdb30cd82a4eca9412788a93fa6dd6df72c94d5a8ff2d7"
            ],
            "version": "==7.0"
        },
        "constantly": {
            "hashes": [
                "sha256:dd2fa9d6b1a51a83f0d7dd76293d734046aa176e384bf6e33b7e44880eb37c5d",
                "sha256:586372eb92059873e29eba4f9dec8381541b4d3834660707faf8ba59146dfc35"
            ],
            "version": "==15.1.0"
        },
        "cryptography": {
            "hashes": [
                "sha256:0ff4a3d6ea86aa0c9e06e92a9f986de7ee8231f36c4da1b31c61a7e692ef3378",
                "sha256:63b064a074f8dc61be81449796e2c3f4e308b6eba04a241a5c9f2d05e882c681",
                "sha256:b4fc04326b2d259ddd59ed8ea20405d2e695486ab4c5e1e49b025c484845206e",
                "sha256:0eb83a24c650a36f68e31a6d0a70f7ad9c358fa2506dc7b683398b92e354a038",
                "sha256:af12dfc9874ac27ebe57fc28c8df0e8afa11f2a1025566476b0d50cdb8884f70",
                "sha256:5ecaf9e7db3ca582c6de6229525d35db8a4e59dc3e8a40a331674ed90e658cbf",
                "sha256:3cdc5f7ca057b2214ce4569e01b0f368b3de9d8ee01887557755ccd1c15d9427",
                "sha256:21e63dd20f5e5455e8b34179ac43d95b3fb1ffa54d071fd2ed5d67da82cfe6dc",
                "sha256:8908f1db90be48b060888e9c96a0dee9d842765ce9594ff6a23da61086116bb6",
                "sha256:70596e90398574b77929cd87e1ac6e43edd0e29ba01e1365fed9c26bde295aa5",
                "sha256:471a097076a7c4ab85561d7fa9a1239bd2ae1f9fd0047520f13d8b340bf3210b",
                "sha256:70c2b04e905d3f72e2ba12c58a590817128dfca08949173faa19a42c824efa0b",
                "sha256:6afe324dfe6074822ccd56d80420df750e19ac30a4e56c925746c735cf22ae8b",
                "sha256:da5b5dda4aa0d5e2b758cc8dfc67f8d4212e88ea9caad5f61ba132f948bab859",
                "sha256:1699f3e916981df32afdd014fb3164db28cdb61c757029f502cb0a8c29b2fdb3",
                "sha256:2454ada8209bbde97065453a6ca488884bbb263e623d35ba183821317a58b46f",
                "sha256:1b1f136d74f411f587b07c076149c4436a169dc19532e587460d9ced24adcc13",
                "sha256:418e7a5ec02a7056d3a4f0c0e7ea81df374205f25f4720bb0e84189aa5fd2515",
                "sha256:05a6052c6a9f17ff78ba78f8e6eb1d777d25db3b763343a1ae89a7a8670386dd"
            ],
            "version": "==2.4.2"
        },
        "cssselect": {
            "hashes": [
                "sha256:3b5103e8789da9e936a68d993b70df732d06b8bb9a337a05ed4eb52c17ef7206",
                "sha256:066d8bc5229af09617e24b3ca4d52f1f9092d9e061931f4184cd572885c23204"
            ],
            "version": "==1.0.3"
        },
        "decorator": {
            "hashes": [
                "sha256:2c51dff8ef3c447388fe5e4453d24a2bf128d3a4c32af3fabef1f01c6851ab82",
                "sha256:c39efa13fbdeb4506c476c9b3babf6a718da943dab7811c206005a4a956c080c"
            ],
            "version": "==4.3.0"
        },
        "docutils": {
            "hashes": [
                "sha256:7a4bd47eaf6596e1295ecb11361139febe29b084a87bf005bf899f9a42edc3c6",
                "sha256:02aec4bd92ab067f6ff27a38a38a41173bf01bed8f89157768c1573f53e474a6",
                "sha256:51e64ef2ebfb29cae1faa133b3710143496eca21c530f3f71424d77687764274"
            ],
            "version": "==0.14"
        },
        "future": {
            "hashes": [
                "sha256:67045236dcfd6816dc439556d009594abf643e5eb48992e36beac09c2ca659b8"
            ],
            "version": "==0.17.1"
        },
        "geocoder": {
            "hashes": [
                "sha256:3763d06fef08f41dc29fbf46d30068d8bd16ca9352104eb866b6a2c974aa3f84",
                "sha256:aa658034e1bea01b7b34ad590733d4bd43441304ac5a104c6b320f0982a96ebb"
            ],
            "version": "==1.35.0"
        },
        "hyperlink": {
            "hashes": [
                "sha256:98da4218a56b448c7ec7d2655cb339af1f7d751cf541469bb4fc28c4a4245b34",
                "sha256:f01b4ff744f14bc5d0a22a6b9f1525ab7d6312cb0ff967f59414bbac52f0a306"
            ],
            "version": "==18.0.0"
        },
        "idna": {
            "hashes": [
                "sha256:ea8b7f6188e6fa117537c3df7da9fc686d485087abf6ac197f9c46432f7e4a3c",
                "sha256:c357b3f628cf53ae2c4c05627ecc484553142ca23264e593d327bcde5e9c3407"
            ],
            "version": "==2.8"
        },
        "incremental": {
            "hashes": [
                "sha256:717e12246dddf231a349175f48d74d93e2897244939173b01974ab6661406b9f",
                "sha256:7b751696aaf36eebfab537e458929e194460051ccad279c72b755a167eebd4b3"
            ],
            "version": "==17.5.0"
        },
        "jinja2": {
            "hashes": [
                "sha256:74c935a1b8bb9a3947c50a54766a969d4846290e1e788ea44c1392163723c3bd",
                "sha256:f84be1bb0040caca4cea721fcbbbbd61f9be9464ca236387158b0feea01914a4"
            ],
            "version": "==2.10"
        },
        "jmespath": {
            "hashes": [
                "sha256:f11b4461f425740a1d908e9a3f7365c3d2e569f6ca68a2ff8bc5bcd9676edd63",
                "sha256:6a81d4c9aa62caf061cb517b4d9ad1dd300374cd4706997aff9cd6aedd61fc64"
            ],
            "version": "==0.9.3"
        },
        "lxml": {
            "hashes": [
                "sha256:51a9a441aefc8c93512bad5efe867d2ff086e7249ce0fc3b47c310644b352936",
                "sha256:29b8acd8ecdf772266dbac491f203c71664b0b07ad4309ba2c3bb131306332fc",
                "sha256:a07447e46fffa5bb4d7a0af0a6505c8517e9bd197cfd2aec79e499b6e86cde49",
                "sha256:a378fd61022cf4d3b492134c3bc48204ac2ff19e0813b23e07c3dd95ae8df0bc",
                "sha256:cc039668f91d8af8c4094cfb5a67c7ae733967fdc84c0507fe271db81480d367",
                "sha256:3ce5488121eb15513c4b239dadd67f9e7959511bd766aac6be0c35e80274f298",
                "sha256:60a5323b2bc893ca1059d283d6695a172d51cc95a70c25b3e587e1aad5459c38",
                "sha256:f52fe795e08858192eea167290033b5ff24f50f51781cb78d989e8d63cfe73d1",
                "sha256:2b05e5e06f8e8c63595472dc887d0d6e0250af754a35ba690f6a6abf2ef85691",
                "sha256:16cf8bac33ec17049617186d63006ba49da7c5be417042877a49f0ef6d7a195d",
                "sha256:4e9822fad564d82035f0b6d701a890444560210f8a8648b8f15850f8fe883cd9",
                "sha256:30d6ec05fb607a5b7345549f642c7c7a5b747b634f6d5e935596b910f243f96f",
                "sha256:eca305b200549906ea25648463aeb1b3b220b716415183eaa99c998a846936d9",
                "sha256:76d62cc048bda0ebf476689ad3eb8e65e6827e43a7521be3b163071020667b8c",
                "sha256:aa7d096a44ae3d475c5ed763e24cf302d32462e78b61bba73ce1ad0efb8f522a",
                "sha256:48be0c375350a5519bb9474b42a9c0e7ab709fb45f11bfcd33de876791137896",
                "sha256:3bf683f0237449ebc1851098f664410e3c99ba3faa8c9cc82c6acfe857df1767",
                "sha256:260868f69d14a64dd1de9cf92e133d2f71514d288de4906f109bdf48ca9b756a",
                "sha256:ade8785c93a985956ba6499d5ea6d0a362e24b4a9ba07dd18920fd67cccf63ea",
                "sha256:5bbed9efc8aeb69929140f71a30e655bf496b45b766861513960e1b11168d475",
                "sha256:83b58b2b5904d50de03a47e2f56d24e9da4cf7e3b0d66fb4510b18fca0faf910",
                "sha256:78163b578e6d1836012febaa1865e095ccc7fc826964dd69a2dbfe401618a1f7",
                "sha256:49bc343ca3b30cd860845433bb9f62448a54ff87b632175108bacbc5dc63e49e",
                "sha256:18f2d8f14cc61e66e8a45f740d15b6fc683c096f733db1f8d0ee15bcac9843de",
                "sha256:d89f1ffe98744c4b5c11f00fb843a4e72f68a6279b5e38168167f1b3c0fdd84c",
                "sha256:4cc7531e86a43ea66601763c5914c3d3adb297f32e4284957609b90d41825fca",
                "sha256:e750da6ac3ca624ae3303df448664012f9b6f9dfbc5d50048ea8a12ce2f8bc29",
                "sha256:e691b6ef6e27437860016bd6c32e481bdc2ed3af03289707a38b9ca422105f40",
                "sha256:a17d808b3edca4aaf6b295b5a388c844a0b7f79aca2d79eec5acc1461db739e3",
                "sha256:7035d9361f3ceec9ccc1dd3482094d1174580e7e1bf6870b77ea758f7cad15d2"
            ],
            "version": "==4.2.6"
        },
        "markupsafe": {
            "hashes": [
                "sha256:efdc45ef1afc238db84cb4963aa689c0408912a0239b0721cb172b4016eb31d6",
                "sha256:52ccb45e77a1085ec5461cde794e1aa037df79f473cbc69b974e73940655c8d7",
                "sha256:525396ee324ee2da82919f2ee9c9e73b012f23e7640131dd1b53a90206a0f09c",
                "sha256:5c3fbebd7de20ce93103cb3183b47671f2885307df4a17a0ad56a1dd51273d36",
                "sha256:f82e347a72f955b7017a39708a3667f106e6ad4d10b25f237396a7115d8ed5fd",
                "sha256:31cbb1359e8c25f9f48e156e59e2eaad51cd5242c05ed18a8de6dbe85184e4b7",
                "sha256:edce2ea7f3dfc981c4ddc97add8a61381d9642dc3273737e756517cc03e84dd6",
                "sha256:19f637c2ac5ae9da8bfd98cef74d64b7e1bb8a63038a3505cd182c3fac5eb4d9",
                "sha256:98e439297f78fca3a6169fd330fbe88d78b3bb72f967ad9961bcac0d7fdd1550",
                "sha256:fb7c206e01ad85ce57feeaaa0bf784b97fa3cad0d4a5737bc5295785f5c613a1",
                "sha256:1fa6058938190ebe8290e5cae6c351e14e7bb44505c4a7624555ce57fbbeba0d",
                "sha256:e982fe07ede9fada6ff6705af70514a52beb1b2c3d25d4e873e82114cf3c5401",
                "sha256:5e5851969aea17660e55f6a3be00037a25b96a9b44d2083651812c99d53b14d1",
                "sha256:f137c02498f8b935892d5c0172560d7ab54bc45039de8805075e19079c639a9c",
                "sha256:3e835d8841ae7863f64e40e19477f7eb398674da6a47f09871673742531e6f4b",
                "sha256:5edfa27b2d3eefa2210fb2f5d539fbed81722b49f083b2c6566455eb7422fd7e",
                "sha256:857eebb2c1dc60e4219ec8e98dfa19553dae33608237e107db9c6078b1167856",
                "sha256:bf54103892a83c64db58125b3f2a43df6d2cb2d28889f14c78519394feb41492",
                "sha256:048ef924c1623740e70204aa7143ec592504045ae4429b59c30054cb31e3c432",
                "sha256:83381342bfc22b3c8c06f2dd93a505413888694302de25add756254beee8449c",
                "sha256:130f844e7f5bdd8e9f3f42e7102ef1d49b2e6fdf0d7526df3f87281a532d8c8b",
                "sha256:52b07fbc32032c21ad4ab060fec137b76eb804c4b9a1c7c7dc562549306afad2",
                "sha256:1f19ef5d3908110e1e891deefb5586aae1b49a7440db952454b4e281b41620cd",
                "sha256:1b8a7a87ad1b92bd887568ce54b23565f3fd7018c4180136e1cf412b405a47af",
                "sha256:d9ac82be533394d341b41d78aca7ed0e0f4ba5a2231602e2f05aa87f25c51672",
                "sha256:1c25694ca680b6919de53a4bb3bdd0602beafc63ff001fea2f2fc16ec3a11834",
                "sha256:7d263e5770efddf465a9e31b78362d84d015cc894ca2c131901a4445eaa61ee1",
                "sha256:4e97332c9ce444b0c2c38dd22ddc61c743eb208d916e4265a2a3b575bdccb1d3"
            ],
            "version": "==1.1.0"
        },
        "parsel": {
            "hashes": [
                "sha256:493a9214acbdcb4487a084d95344c25e85e90426a67311ea0425dc5df8dc24b9",
                "sha256:9ccd82b8a122345601f6f9209e972c0e8c3518a188fcff2d37cb4d7bc570b4b8"
            ],
            "version": "==1.5.1"
        },
        "pyasn1": {
            "hashes": [
                "sha256:8ec20f61483764de281e0b4aba7d12716189700debcfa9e7935780850bf527f3",
                "sha256:b06c0cfd708b806ea025426aace45551f91ea7f557e0c2d4fbd9a4b346873ce0",
                "sha256:061442c60842f6d11051d4fdae9bc197b64bd41573a12234a753a0cb80b4f30b",
                "sha256:98d97a1833a29ca61cd04a60414def8f02f406d732f9f0bcb49f769faff1b699",
                "sha256:da6b43a8c9ae93bc80e2739efb38cc776ba74a886e3e9318d65fe81a8b8a2c6e",
                "sha256:79b336b073a52fa3c3d8728e78fa56b7d03138ef59f44084de5f39650265b5ff",
                "sha256:5f9fb05c33e53b9a6ee3b1ed1d292043f83df465852bec876e93b47fd2df7eed",
                "sha256:0ee2449bf4c4e535823acc25624c45a8b454f328d59d3f3eeb82d3567100b9bd",
                "sha256:65201d28e081f690a32401e6253cca4449ccacc8f3988e811fae66bd822910ee",
                "sha256:d14d05984581770333731690f5453efd4b82e1e5d824a1d7976b868a2e5c38e8",
                "sha256:b00d7bfb6603517e189d1ad76967c7e805139f63e43096e5f871d1277f50aea5",
                "sha256:9458d0273f95d035de4c0d5e0643f25daba330582cc71bb554fe6969c015042a",
                "sha256:da2420fe13a9452d8ae97a0e478adde1dee153b11ba832a95b223a2ba01c10f7"
            ],
            "version": "==0.4.5"
        },
        "pyasn1-modules": {
            "hashes": [
                "sha256:a56f8c19eacf2eecf5a1b619a51f47c76a54e1cf8087ed7479b3f8eb1b9e5717",
                "sha256:d23a25f70a3d252ef7ad0a38ebc62a0acfaf7e229ab801d4fe9dbd9e2a45151f",
                "sha256:85c7d85340c60ed8d556bf6a3cde43bdbc2c802d57506967d3aeee8ef8e65a5b",
                "sha256:58cd6cace9cce3fe5541c0328f643bf156b92bec91fe5534a6fc0178687dbc11",
                "sha256:642afdabb681d39f5948fd5477764d94faf17ce40e5691e9998b52815fbb4e71",
                "sha256:f8a56b3f63b965fc020cd1f1ab3b876502b1297040f5d24480f44a00cad0c256",
                "sha256:3d72e98b41d74562742edacadf085aec5df525c877b21775458ae96b3089ac84",
                "sha256:b31bca0c30a82fa430eabe3afc22c7212c95174be169467fa6fb68ec16af7fd9",
                "sha256:ec4e928f14ae2ed6f958554e73f09c014df72bb74bac25acd1d9cae5846fcc45",
                "sha256:e46f18fe34a55493139edcbf801aafa5232c9b09382a1c8e5c1ae2648baf5a81",
                "sha256:cece9c8ee569cbc3a93c9f0ffdad1982e5e96af256f48f47b1c5e29cf1f68e88",
                "sha256:03a00393719b3695c011b1e7b059fec252038a4f82469232532046d83694cf12",
                "sha256:d14fcb29dabecba3d7b360bf72327c26c385248a5d603cf6be5f566ce999b261"
            ],
            "version": "==0.2.3"
        },
        "pycparser": {
            "hashes": [
                "sha256:a988718abfad80b6b157acce7bf130a30876d27603738ac39f140993246b25b3"
            ],
            "version": "==2.19"
        },
        "pydispatcher": {
            "hashes": [
                "sha256:5570069e1b1769af1fe481de6dd1d3a388492acddd2cdad7a3bde145615d5caf",
                "sha256:5be4a8be12805ef7d712dd9a93284fb8bc53f309867e573f653a72e5fd10e433"
            ],
            "version": "==2.0.5"
        },
        "pyhamcrest": {
            "hashes": [
                "sha256:f30e9a310bcc1808de817a92e95169ffd16b60cbc5a016a49c8d0e8ababfae79",
                "sha256:6b672c02fdf7470df9674ab82263841ce8333fb143f32f021f6cb26f0e512420",
                "sha256:bac0bea7358666ce52e3c6c85139632ed89f115e9af52d44b3c36e0bf8cf16a9",
                "sha256:7a4bdade0ed98c699d728191a058a60a44d2f9c213c51e2dd1e6fb42f2c6128a",
                "sha256:8ffaa0a53da57e89de14ced7185ac746227a8894dbd5a3c718bf05ddbd1d56cd"
            ],
            "version": "==1.9.0"
        },
        "pyopenssl": {
            "hashes": [
                "sha256:26ff56a6b5ecaf3a2a59f132681e2a80afcc76b4f902f612f518f92c2a1bf854",
                "sha256:6488f1423b00f73b7ad5167885312bb0ce410d3312eb212393795b53c8caa580"
            ],
            "version": "==18.0.0"
        },
        "python-dateutil": {
            "hashes": [
                "sha256:063df5763652e21de43de7d9e00ccf239f953a832941e37be541614732cdfc93",
                "sha256:88f9287c0174266bb0d8cedd395cfba9c58e87e5ad86b2ce58859bc11be3cf02"
            ],
            "version": "==2.7.5"
        },
        "queuelib": {
            "hashes": [
                "sha256:ff43b5b74b9266f8df4232a8f768dc4d67281a271905e2ed4a3689d4d304cd02",
                "sha256:42b413295551bdc24ed9376c1a2cd7d0b1b0fa4746b77b27ca2b797a276a1a17"
            ],
            "version": "==1.5.0"
        },
        "ratelim": {
            "hashes": [
                "sha256:e1a7dd39e6b552b7cc7f52169cd66cdb826a1a30198e355d7016012987c9ad08",
                "sha256:826d32177e11f9a12831901c9fda6679fd5bbea3605910820167088f5acbb11d"
            ],
            "version": "==0.1.6"
        },
        "requests": {
            "hashes": [
                "sha256:7bf2a778576d825600030a110f3c0e3e8edc51dfaafe1c146e39a2027784957b",
                "sha256:502a824f31acdacb3a35b6690b5fbf0bc41d63a24a45c4004352b0242707598e"
            ],
            "version": "==2.21.0"
        },
        "s3transfer": {
            "hashes": [
                "sha256:c7a9ec356982d5e9ab2d4b46391a7d6a950e2b04c472419f5fdec70cc0ada72f",
                "sha256:90dc18e028989c609146e241ea153250be451e05ecc0c2832565231dacdf59c1"
            ],
            "version": "==0.1.13"
        },
        "scrapy": {
            "hashes": [
                "sha256:08d86737c560dcc1c4b73ac0ac5bd8d14b3e2265c1f7b195f0b73ab13741fe03",
                "sha256:31a0bf05d43198afaf3acfb9b4fb0c09c1d7d7ff641e58c66e36117f26c4b755"
            ],
            "version": "==1.5.0"
        },
        "service-identity": {
            "hashes": [
                "sha256:001c0707759cb3de7e49c078a7c0c9cd12594161d3bf06b9c254fdcb1a60dc36",
                "sha256:0858a54aabc5b459d1aafa8a518ed2081a285087f349fe3e55197989232e2e2d"
            ],
            "version": "==18.1.0"
        },
        "six": {
            "hashes": [
                "sha256:3350809f0555b11f552448330d0b52d5f24c91a322ea4a15ef22629740f3761c",
                "sha256:d16a0141ec1a18405cd4ce8b4613101da75da0e9a7aec5bdd4fa804d0e0eba73"
            ],
            "version": "==1.12.0"
        },
        "toml": {
            "hashes": [
                "sha256:a7901919d3e4f92ffba7ff40a9d697e35bbbc8a8049fe8da742f34c83606d957",
                "sha256:380178cde50a6a79f9d2cf6f42a62a5174febe5eea4126fe4038785f1d888d42"
            ],
            "version": "==0.9.6"
        },
        "twisted": {
            "hashes": [
                "sha256:294be2c6bf84ae776df2fc98e7af7d6537e1c5e60a46d33c3ce2a197677da395"
            ],
            "version": "==18.9.0"
        },
        "urllib3": {
            "hashes": [
                "sha256:61bf29cada3fc2fbefad4fdf059ea4bd1b4a86d2b6d15e1c7c0b582b9752fe39",
                "sha256:de9529817c93f27c8ccbfead6985011db27bd0ddfcdb2d86f3f663385c6a9c22"
            ],
            "version": "==1.24.1"
        },
        "w3lib": {
            "hashes": [
                "sha256:aaf7362464532b1036ab0092e2eee78e8fd7b56787baa9ed4967457b083d011b",
                "sha256:55994787e93b411c2d659068b51b9998d9d0c05e0df188e6daf8f45836e1ea38"
            ],
            "version": "==1.19.0"
        },
        "zope.interface": {
            "hashes": [
                "sha256:a15e75d284178afe529a536b0e8b28b7e107ef39626a7809b4ee64ff3abc9127",
                "sha256:bbcef00d09a30948756c5968863316c949d9cedbc7aabac5e8f0ffbdb632e5f1",
                "sha256:9e998ba87df77a85c7bed53240a7257afe51a07ee6bc3445a0bf841886da0b97",
                "sha256:7e5c9a5012b2b33e87980cee7d1c82412b2ebabcb5862d53413ba1a2cfde23aa",
                "sha256:bad44274b151d46619a7567010f7cde23a908c6faa84b97598fd2f474a0c6891",
                "sha256:20a12ab46a7e72b89ce0671e7d7a6c3c1ca2c2766ac98112f78c5bddaa6e4375",
                "sha256:d788a3999014ddf416f2dc454efa4a5dbeda657c6aba031cf363741273804c6b",
                "sha256:7040547e5b882349c0a2cc9b50674b1745db551f330746af434aad4f09fba2cc",
                "sha256:81295629128f929e73be4ccfdd943a0906e5fe3cdb0d43ff1e5144d16fbb52b1",
                "sha256:298f82c0ab1b182bd1f34f347ea97dde0fffb9ecf850ecf7f8904b8442a07487",
                "sha256:7e099fde2cce8b29434684f82977db4e24f0efa8b0508179fce1602d103296a2",
                "sha256:f99451f3a579e73b5dd58b1b08d1179791d49084371d9a47baad3b22417f0317",
                "sha256:3b877de633a0f6d81b600624ff9137312d8b1d0f517064dfc39999352ab659f0",
                "sha256:b639f72b95389620c1f881d94739c614d385406ab1d6926a9ffe1c8abbea23fe",
                "sha256:11ebddf765bff3bbe8dbce10c86884d87f90ed66ee410a7e6c392086e2c63d02",
                "sha256:1157b1ec2a1f5bf45668421e3955c60c610e31913cc695b407a574efdbae1f7b",
                "sha256:a6a6ff82f5f9b9702478035d8f6fb6903885653bff7ec3a1e011edc9b1a7168d",
                "sha256:4265681e77f5ac5bac0905812b828c9fe1ce80c6f3e3f8574acfb5643aeabc5b",
                "sha256:086707e0f413ff8800d9c4bc26e174f7ee4c9c8b0302fbad68d083071822316c",
                "sha256:5f4d42baed3a14c290a078e2696c5f565501abde1b2f3f1a1c0a94fbf6fbcc39",
                "sha256:a0c39e2535a7e9c195af956610dba5a1073071d2d85e9d2e5d789463f63e52ab",
                "sha256:968d5c5702da15c5bf8e4a6e4b67a4d92164e334e9c0b6acf080106678230b98",
                "sha256:14b242d53f6f35c2d07aa2c0e13ccb710392bcd203e1b82a1828d216f6f6b11f",
                "sha256:2f6175722da6f23dbfc76c26c241b67b020e1e83ec7fe93c9e5d3dd18667ada2",
                "sha256:eed88ae03e1ef3a75a0e96a55a99d7937ed03e53d0cffc2451c208db445a2966",
                "sha256:95cc574b0b83b85be9917d37cd2fad0ce5a0d21b024e1a5804d044aabea636fc",
                "sha256:62dd71dbed8cc6a18379700701d959307823b3b2451bdc018594c48956ace745",
                "sha256:550695c4e7313555549aa1cdb978dc9413d61307531f123558e438871a883d63",
                "sha256:1b3d0dcabc7c90b470e59e38a9acaa361be43b3a6ea644c0063951964717f0e5"
            ],
            "version": "==4.6.0"
        }
    },
    "develop": {
        "appdirs": {
            "hashes": [
                "sha256:d8b24664561d0d34ddfaec54636d502d7cea6e29c3eaf68f3df6180863e2166e",
                "sha256:9e5896d1372858f8dd3344faf4e5014d21849c756c8d5701f78f8a103b372d92"
            ],
            "version": "==1.4.3"
        },
        "astroid": {
            "hashes": [
                "sha256:6a5d668d7dc69110de01cdf7aeec69a679ef486862a0850cc0fd5571505b6b7e",
                "sha256:35b032003d6a863f5dcd7ec11abd5cd5893428beaa31ab164982403bcb311f22"
            ],
            "version": "==2.1.0"
        },
        "attrs": {
            "hashes": [
                "sha256:ca4be454458f9dec299268d472aaa5a11f67a4ff70093396e1ceae9c76cf4bbb",
                "sha256:10cbf6e27dbce8c30807caf056c8eb50917e0eaafe86347671b57254006c3e69"
            ],
            "version": "==18.2.0"
        },
        "black": {
            "hashes": [
                "sha256:817243426042db1d36617910df579a54f1afd659adb96fc5032fcf4b36209739",
                "sha256:e030a9a28f542debc08acceb273f228ac422798e5215ba2a791a6ddeaaca22a5"
            ],
            "version": "==18.9b0"
        },
        "click": {
            "hashes": [
                "sha256:2335065e6395b9e67ca716de5f7526736bfa6ceead690adf616d925bdc622b13",
                "sha256:5b94b49521f6456670fdb30cd82a4eca9412788a93fa6dd6df72c94d5a8ff2d7"
            ],
            "version": "==7.0"
        },
        "isort": {
            "hashes": [
                "sha256:ec9ef8f4a9bc6f71eec99e1806bfa2de401650d996c59330782b89a5555c1497",
                "sha256:1153601da39a25b14ddc54955dbbacbb6b2d19135386699e2ad58517953b34af",
                "sha256:b9c40e9750f3d77e6e4d441d8b0266cf555e7cdabdcff33c4fd06366ca761ef8"
            ],
            "version": "==4.3.4"
        },
        "lazy-object-proxy": {
            "hashes": [
                "sha256:209615b0fe4624d79e50220ce3310ca1a9445fd8e6d3572a896e7f9146bbf019",
                "sha256:1b668120716eb7ee21d8a38815e5eb3bb8211117d9a90b0f8e21722c0758cc39",
                "sha256:cb924aa3e4a3fb644d0c463cad5bc2572649a6a3f68a7f8e4fbe44aaa6d77e4c",
                "sha256:2c1b21b44ac9beb0fc848d3993924147ba45c4ebc24be19825e57aabbe74a99e",
                "sha256:320ffd3de9699d3892048baee45ebfbbf9388a7d65d832d7e580243ade426d2b",
                "sha256:2df72ab12046a3496a92476020a1a0abf78b2a7db9ff4dc2036b8dd980203ae6",
                "sha256:27ea6fd1c02dcc78172a82fc37fcc0992a94e4cecf53cb6d73f11749825bd98b",
                "sha256:e5b9e8f6bda48460b7b143c3821b21b452cb3a835e6bbd5dd33aa0c8d3f5137d",
                "sha256:7661d401d60d8bf15bb5da39e4dd72f5d764c5aff5a86ef52a042506e3e970ff",
                "sha256:61a6cf00dcb1a7f0c773ed4acc509cb636af2d6337a08f362413c76b2b47a8dd",
                "sha256:bd6292f565ca46dee4e737ebcc20742e3b5be2b01556dafe169f6c65d088875f",
                "sha256:933947e8b4fbe617a51528b09851685138b49d511af0b6c0da2539115d6d4514",
                "sha256:d0fc7a286feac9077ec52a927fc9fe8fe2fabab95426722be4c953c9a8bede92",
                "sha256:7f3a2d740291f7f2c111d86a1c4851b70fb000a6c8883a59660d95ad57b9df35",
                "sha256:5276db7ff62bb7b52f77f1f51ed58850e315154249aceb42e7f4c611f0f847ff",
                "sha256:94223d7f060301b3a8c09c9b3bc3294b56b2188e7d8179c762a1cda72c979252",
                "sha256:6ae6c4cb59f199d8827c5a07546b2ab7e85d262acaccaacd49b62f53f7c456f7",
                "sha256:f460d1ceb0e4a5dcb2a652db0904224f367c9b3c1470d5a7683c0480e582468b",
                "sha256:e81ebf6c5ee9684be8f2c87563880f93eedd56dd2b6146d8a725b50b7e5adb0f",
                "sha256:81304b7d8e9c824d058087dcb89144842c8e0dea6d281c031f59f0acf66963d4",
                "sha256:ddc34786490a6e4ec0a855d401034cbd1242ef186c20d79d2166d6a4bd449577",
                "sha256:7bd527f36a605c914efca5d3d014170b2cb184723e423d26b1fb2fd9108e264d",
                "sha256:ab3ca49afcb47058393b0122428358d2fbe0408cf99f1b58b295cfeb4ed39109",
                "sha256:7cb54db3535c8686ea12e9535eb087d32421184eacc6939ef15ef50f83a5e7e2",
                "sha256:0ce34342b419bd8f018e6666bfef729aec3edf62345a53b537a4dcc115746a33",
                "sha256:e34b155e36fa9da7e1b7c738ed7767fc9491a62ec6af70fe9da4a057759edc2d",
                "sha256:50e3b9a464d5d08cc5227413db0d1c4707b6172e4d4d915c1c70e4de0bbff1f5",
                "sha256:27bf62cb2b1a2068d443ff7097ee33393f8483b570b475db8ebf7e1cba64f088",
                "sha256:eb91be369f945f10d3a49f5f9be8b3d0b93a4c2be8f8a5b83b0571b8123e0a7a"
            ],
            "version": "==1.3.1"
        },
        "mccabe": {
            "hashes": [
                "sha256:ab8a6258860da4b6677da4bd2fe5dc2c659cff31b3ee4f7f5d64e79735b80d42",
                "sha256:dd8d182285a0fe56bace7f45b5e7d1a6ebcbf524e8f3bd87eb0f125271b8831f"
            ],
            "version": "==0.6.1"
        },
        "pylint": {
            "hashes": [
                "sha256:1d6d3622c94b4887115fe5204982eee66fdd8a951cf98635ee5caee6ec98c3ec",
                "sha256:31142f764d2a7cd41df5196f9933b12b7ee55e73ef12204b648ad7e556c119fb"
            ],
            "version": "==2.1.1"
        },
        "six": {
            "hashes": [
                "sha256:3350809f0555b11f552448330d0b52d5f24c91a322ea4a15ef22629740f3761c",
                "sha256:d16a0141ec1a18405cd4ce8b4613101da75da0e9a7aec5bdd4fa804d0e0eba73"
            ],
            "version": "==1.12.0"
        },
        "toml": {
            "hashes": [
                "sha256:f1db651f9657708513243e61e6cc67d101a39bad662eaa9b5546f789338e07a3",
                "sha256:235682dd292d5899d361a811df37e04a8828a5b1da3115886b73cf81ebc9100e",
                "sha256:229f81c57791a41d65e399fc06bf0848bab550a9dfd5ed66df18ce5f05e73d5c"
            ],
            "version": "==0.10.0"
        },
        "typed-ast": {
            "hashes": [
                "sha256:e7ec9a1445d27dbd0446568035f7106fa899a36f55e52ade28020f7b3845180d",
                "sha256:6306ffa64922a7b58ee2e8d6f207813460ca5a90213b4a400c2e730375049246",
                "sha256:16ccd06d614cf81b96de42a37679af12526ea25a208bce3da2d9226f44563868",
                "sha256:fe800a58547dd424cd286b7270b967b5b3316b993d86453ede184a17b5a6b17d",
                "sha256:5b972bbb3819ece283a67358103cc6671da3646397b06e7acea558444daf54b2",
                "sha256:cb061a959fec9a514d243831c514b51ccb940b58a5ce572a4e209810f2507dcf",
                "sha256:7e19d439fee23620dea6468d85bfe529b873dace39b7e5b0c82c7099681f8a22",
                "sha256:1e21ae7b49a3f744958ffad1737dfbdb43e1137503ccc59f4e32c4ac33b0bd1c",
                "sha256:7f5cd83af6b3ca9757e1127d852f497d11c7b09b4716c355acfbebf783d028da",
                "sha256:dc76738331d61818ce0b90647aedde17bbba3d3f9e969d83c1d9087b4f978862",
                "sha256:37670c6fd857b5eb68aa5d193e14098354783b5138de482afa401cc2644f5a7f",
                "sha256:94af325c9fe354019a29f9016277c547ad5d8a2d98a02806f27a7436b2da6735",
                "sha256:cc8d0b703d573cbabe0d51c9d68ab68df42a81409e4ed6af45a04a95484b96a5",
                "sha256:b1e5445c6075f509d5764b84ce641a1535748801253b97f3b7ea9d948a22853a",
                "sha256:81e885a713e06faeef37223a5b1167615db87f947ecc73f815b9d1bbd6b585be",
                "sha256:0ca96128ea66163aea13911c9b4b661cb345eb729a20be15c034271360fc7474",
                "sha256:f741ba03feb480061ab91a465d1a3ed2d40b52822ada5b4017770dfcb88f839f",
                "sha256:0555eca1671ebe09eb5f2176723826f6f44cca5060502fea259de9b0e893ab53",
                "sha256:46d84c8e3806619ece595aaf4f37743083f9454c9ea68a517f1daa05126daf1d",
                "sha256:da0afa955865920edb146926455ec49da20965389982f91e926389666f5cf86a",
                "sha256:6cb25dc95078931ecbd6cbcc4178d1b8ae8f2b513ae9c3bd0b7f81c2191db4c6"
            ],
            "markers": "python_version < '3.7' and implementation_name == 'cpython'",
            "version": "==1.1.1"
        },
        "wrapt": {
            "hashes": [
                "sha256:d4d560d479f2c21e1b5443bbd15fe7ec4b37fe7e53d335d3b9b0a7b1226fe3c6"
            ],
            "version": "==1.10.11"
        }
    }
}
